
Microsoft Visual Studio Solution File, Format Version 12.00
# Visual Studio 15
VisualStudioVersion = 15.0.27130.2020
MinimumVisualStudioVersion = 10.0.40219.1
Project("{8BC9CEB8-8B4A-11D0-8D11-00A0C91BC942}") = "chapter15_practice C++", "chapter15_practice C++\chapter15_practice C++.vcxproj", "{1FB4FEDE-C602-4D3F-A3E0-1600983BA6AD}"
EndProject
Global
	GlobalSection(SolutionConfigurationPlatforms) = preSolution
		Debug|x64 = Debug|x64
		Debug|x86 = Debug|x86
		Release|x64 = Release|x64
		Release|x86 = Release|x86
	EndGlobalSection
	GlobalSection(ProjectConfigurationPlatforms) = postSolution
		{1FB4FEDE-C602-4D3F-A3E0-1600983BA6AD}.Debug|x64.ActiveCfg = Debug|x64
		{1FB4FEDE-C602-4D3F-A3E0-1600983BA6AD}.Debug|x64.Build.0 = Debug|x64
		{1FB4FEDE-C602-4D3F-A3E0-1600983BA6AD}.Debug|x86.ActiveCfg = Debug|Win32
		{1FB4FEDE-C602-4D3F-A3E0-1600983BA6AD}.Debug|x86.Build.0 = Debug|Win32
		{1FB4FEDE-C602-4D3F-A3E0-1600983BA6AD}.Release|x64.ActiveCfg = Release|x64
		{1FB4FEDE-C602-4D3F-A3E0-1600983BA6AD}.Release|x64.Build.0 = Release|x64
		{1FB4FEDE-C602-4D3F-A3E0-1600983BA6AD}.Release|x86.ActiveCfg = Release|Win32
		{1FB4FEDE-C602-4D3F-A3E0-1600983BA6AD}.Release|x86.Build.0 = Release|Win32
	EndGlobalSection
	GlobalSection(SolutionProperties) = preSolution
		HideSolutionNode = FALSE
	EndGlobalSection
	GlobalSection(ExtensibilityGlobals) = postSolution
		SolutionGuid = {BFFACF1A-039C-4BE6-9175-CD29EA38C0CF}
	EndGlobalSection
EndGlobal
